<?xml version="1.0" encoding="utf-8"?>
<Project ToolsVersion="4.0" xmlns="http://schemas.microsoft.com/developer/msbuild/2003">
  <ItemGroup>
    <Filter Include="Source Files">
      <UniqueIdentifier>{4FC737F1-C7A5-4376-A066-2A32D752A2FF}</UniqueIdentifier>
      <Extensions>cpp;c;cc;cxx;c++;cppm;ixx;def;odl;idl;hpj;bat;asm;asmx</Extensions>
    </Filter>
    <Filter Include="Header Files">
      <UniqueIdentifier>{93995380-89BD-4b04-88EB-625FBE52EBFB}</UniqueIdentifier>
      <Extensions>h;hh;hpp;hxx;h++;hm;inl;inc;ipp;xsd</Extensions>
    </Filter>
    <Filter Include="Resource Files">
      <UniqueIdentifier>{67DA6AB6-F800-4c08-8B7A-83BB121AAD01}</UniqueIdentifier>
      <Extensions>rc;ico;cur;bmp;dlg;rc2;rct;bin;rgs;gif;jpg;jpeg;jpe;resx;tiff;tif;png;wav;mfcribbon-ms</Extensions>
    </Filter>
  </ItemGroup>
  <ItemGroup>
    <ClCompile Include="Main.cpp">
      <Filter>Source Files</Filter>
    </ClCompile>
    <ClCompile Include="Enemy.cpp">
      <Filter>Source Files</Filter>
    </ClCompile>
    <ClCompile Include="CEnemyFormation.cpp">
      <Filter>Source Files</Filter>
    </ClCompile>
    <ClCompile Include="RoundManager.cpp">
      <Filter>Source Files</Filter>
    </ClCompile>
    <ClCompile Include="Player.cpp">
      <Filter>Source Files</Filter>
    </ClCompile>
    <ClCompile Include="CPlayerLife.cpp">
      <Filter>Source Files</Filter>
    </ClCompile>
    <ClCompile Include="CGun.cpp">
      <Filter>Source Files</Filter>
    </ClCompile>
    <ClCompile Include="CLifetime.cpp">
      <Filter>Source Files</Filter>
    </ClCompile>
    <ClCompile Include="RoundUI.cpp">
      <Filter>Source Files</Filter>
    </ClCompile>
    <ClCompile Include="CStatDisplayer.cpp">
      <Filter>Source Files</Filter>
    </ClCompile>
    <ClCompile Include="Scene_MainMenu.cpp">
      <Filter>Source Files</Filter>
    </ClCompile>
    <ClCompile Include="ScoreSaver.cpp">
      <Filter>Source Files</Filter>
    </ClCompile>
    <ClCompile Include="Scene_PlayerVs.cpp">
      <Filter>Source Files</Filter>
    </ClCompile>
    <ClCompile Include="Behaviour_CaptureZone.cpp">
      <Filter>Source Files</Filter>
    </ClCompile>
    <ClCompile Include="WeaponType_CaptureZone.cpp">
      <Filter>Source Files</Filter>
    </ClCompile>
    <ClCompile Include="CCaptureZone.cpp">
      <Filter>Source Files</Filter>
    </ClCompile>
    <ClCompile Include="Scene_Highscore.cpp">
      <Filter>Source Files</Filter>
    </ClCompile>
    <ClCompile Include="Scene_NameAssigner.cpp">
      <Filter>Source Files</Filter>
    </ClCompile>
    <ClCompile Include="CNameDisplayer.cpp">
      <Filter>Source Files</Filter>
    </ClCompile>
    <ClCompile Include="Behaviour_Swirl.cpp">
      <Filter>Source Files</Filter>
    </ClCompile>
    <ClCompile Include="Behaviour_UDive.cpp">
      <Filter>Source Files</Filter>
    </ClCompile>
    <ClCompile Include="Behaviour_ZigZagDive.cpp">
      <Filter>Source Files</Filter>
    </ClCompile>
    <ClCompile Include="WeaponType_Gun.cpp">
      <Filter>Source Files</Filter>
    </ClCompile>
    <ClCompile Include="TextCreator.cpp">
      <Filter>Source Files</Filter>
    </ClCompile>
  </ItemGroup>
  <ItemGroup>
    <ClInclude Include="Player.h">
      <Filter>Header Files</Filter>
    </ClInclude>
    <ClInclude Include="CGameStatController.h">
      <Filter>Header Files</Filter>
    </ClInclude>
    <ClInclude Include="CollisionLayers.h">
      <Filter>Header Files</Filter>
    </ClInclude>
    <ClInclude Include="CStatDisplayer.h">
      <Filter>Header Files</Filter>
    </ClInclude>
    <ClInclude Include="Create_Bullet.h">
      <Filter>Header Files</Filter>
    </ClInclude>
    <ClInclude Include="Behaviour_Swirl.h">
      <Filter>Header Files</Filter>
    </ClInclude>
    <ClInclude Include="SwirlData.h">
      <Filter>Header Files</Filter>
    </ClInclude>
    <ClInclude Include="Behaviour_UDive.h">
      <Filter>Header Files</Filter>
    </ClInclude>
    <ClInclude Include="Behaviour_ZigZagDive.h">
      <Filter>Header Files</Filter>
    </ClInclude>
    <ClInclude Include="Behaviour_CaptureZone.h">
      <Filter>Header Files</Filter>
    </ClInclude>
    <ClInclude Include="Create_PointIndicator.h">
      <Filter>Header Files</Filter>
    </ClInclude>
    <ClInclude Include="RoundUI.h">
      <Filter>Header Files</Filter>
    </ClInclude>
    <ClInclude Include="Enemy.h">
      <Filter>Header Files</Filter>
    </ClInclude>
    <ClInclude Include="EnemyInstanceData.h">
      <Filter>Header Files</Filter>
    </ClInclude>
    <ClInclude Include="EnemyGridData.h">
      <Filter>Header Files</Filter>
    </ClInclude>
    <ClInclude Include="RoundManager.h">
      <Filter>Header Files</Filter>
    </ClInclude>
    <ClInclude Include="StringToDataModifier.h">
      <Filter>Header Files</Filter>
    </ClInclude>
    <ClInclude Include="DefineData_EnemyGridData.h">
      <Filter>Header Files</Filter>
    </ClInclude>
    <ClInclude Include="DefineData_EnemyType.h">
      <Filter>Header Files</Filter>
    </ClInclude>
    <ClInclude Include="CEnemyFormation.h">
      <Filter>Header Files</Filter>
    </ClInclude>
    <ClInclude Include="EnemyFormationType.h">
      <Filter>Header Files</Filter>
    </ClInclude>
    <ClInclude Include="DefineData_SwirlData.h">
      <Filter>Header Files</Filter>
    </ClInclude>
    <ClInclude Include="CPlayerLife.h">
      <Filter>Header Files</Filter>
    </ClInclude>
    <ClInclude Include="CGun.h">
      <Filter>Header Files</Filter>
    </ClInclude>
    <ClInclude Include="CLifetime.h">
      <Filter>Header Files</Filter>
    </ClInclude>
    <ClInclude Include="Galaga.h">
      <Filter>Header Files</Filter>
    </ClInclude>
    <ClInclude Include="Scene_MainMenu.h">
      <Filter>Header Files</Filter>
    </ClInclude>
    <ClInclude Include="ScoreSaver.h">
      <Filter>Header Files</Filter>
    </ClInclude>
    <ClInclude Include="StartSequenceCommand.h">
      <Filter>Header Files</Filter>
    </ClInclude>
    <ClInclude Include="Scene_PlayerVs.h">
      <Filter>Header Files</Filter>
    </ClInclude>
    <ClInclude Include="WeaponType.h">
      <Filter>Header Files</Filter>
    </ClInclude>
    <ClInclude Include="WeaponType_CaptureZone.h">
      <Filter>Header Files</Filter>
    </ClInclude>
    <ClInclude Include="CCaptureZone.h">
      <Filter>Header Files</Filter>
    </ClInclude>
    <ClInclude Include="Scene_Highscore.h">
      <Filter>Header Files</Filter>
    </ClInclude>
    <ClInclude Include="Create_Highscore.h">
      <Filter>Header Files</Filter>
    </ClInclude>
    <ClInclude Include="Scene_NameAssigner.h">
      <Filter>Header Files</Filter>
    </ClInclude>
    <ClInclude Include="CNameDisplayer.h">
      <Filter>Header Files</Filter>
    </ClInclude>
    <ClInclude Include="WeaponType_Gun.h">
      <Filter>Header Files</Filter>
    </ClInclude>
    <ClInclude Include="Create_ParticleSystem.h">
      <Filter>Header Files</Filter>
    </ClInclude>
    <ClInclude Include="Create_Explosion.h">
      <Filter>Header Files</Filter>
    </ClInclude>
    <ClInclude Include="TextCreator.h">
      <Filter>Header Files</Filter>
    </ClInclude>
  </ItemGroup>
</Project>